
Microsoft Visual Studio Solution File, Format Version 12.00
# Visual Studio 15
VisualStudioVersion = 15.0.28307.489
MinimumVisualStudioVersion = 10.0.40219.1
Project("{FAE04EC0-301F-11D3-BF4B-00C04F79EFBC}") = "winforms-image-processor", "winforms-image-processor\winforms-image-processor.csproj", "{11F06003-A488-40FF-BF13-FF7114F9D866}"
EndProject
Global
	GlobalSection(SolutionConfigurationPlatforms) = preSolution
		Debug|Any CPU = Debug|Any CPU
		Release|Any CPU = Release|Any CPU
	EndGlobalSection
	GlobalSection(ProjectConfigurationPlatforms) = postSolution
		{11F06003-A488-40FF-BF13-FF7114F9D866}.Debug|Any CPU.ActiveCfg = Debug|Any CPU
		{11F06003-A488-40FF-BF13-FF7114F9D866}.Debug|Any CPU.Build.0 = Debug|Any CPU
		{11F06003-A488-40FF-BF13-FF7114F9D866}.Release|Any CPU.ActiveCfg = Release|Any CPU
		{11F06003-A488-40FF-BF13-FF7114F9D866}.Release|Any CPU.Build.0 = Release|Any CPU
	EndGlobalSection
	GlobalSection(SolutionProperties) = preSolution
		HideSolutionNode = FALSE
	EndGlobalSection
	GlobalSection(ExtensibilityGlobals) = postSolution
		SolutionGuid = {69161561-A82C-416A-A3D0-9CBAAE32F87D}
	EndGlobalSection
EndGlobal
